
Microsoft Visual Studio Solution File, Format Version 12.00
# Visual Studio Version 17
VisualStudioVersion = 17.8.34525.116
MinimumVisualStudioVersion = 10.0.40219.1
Project("{FAE04EC0-301F-11D3-BF4B-00C04F79EFBC}") = "Deferred", "DeferredKSP\Deferred.csproj", "{904B52DA-83A8-4ADB-9775-473E605A9BC2}"
EndProject
Global
	GlobalSection(SolutionConfigurationPlatforms) = preSolution
		Debug|Any CPU = Debug|Any CPU
		Release|Any CPU = Release|Any CPU
	EndGlobalSection
	GlobalSection(ProjectConfigurationPlatforms) = postSolution
		{904B52DA-83A8-4ADB-9775-473E605A9BC2}.Debug|Any CPU.ActiveCfg = Debug|Any CPU
		{904B52DA-83A8-4ADB-9775-473E605A9BC2}.Debug|Any CPU.Build.0 = Debug|Any CPU
		{904B52DA-83A8-4ADB-9775-473E605A9BC2}.Release|Any CPU.ActiveCfg = Release|Any CPU
		{904B52DA-83A8-4ADB-9775-473E605A9BC2}.Release|Any CPU.Build.0 = Release|Any CPU
	EndGlobalSection
	GlobalSection(SolutionProperties) = preSolution
		HideSolutionNode = FALSE
	EndGlobalSection
	GlobalSection(MonoDevelopProperties) = preSolution
		StartupItem = DeferredKSP\DeferredKSP.csproj
	EndGlobalSection
EndGlobal
